// !$*UTF8*$!
{
	archiveVersion = 1;
	classes = {
	};
	objectVersion = 46;
	objects = {

/* Begin PBXBuildFile section */
		6417DFA01C1E5AB70015F95B /* Search.swift in Sources */ = {isa = PBXBuildFile; fileRef = 6417DF9F1C1E5AB70015F95B /* Search.swift */; };
		6417DFA21C1E837A0015F95B /* SearchCells.swift in Sources */ = {isa = PBXBuildFile; fileRef = 6417DFA11C1E837A0015F95B /* SearchCells.swift */; };
		6417DFA41C20CD4A0015F95B /* FilterVC.swift in Sources */ = {isa = PBXBuildFile; fileRef = 6417DFA31C20CD4A0015F95B /* FilterVC.swift */; };
		6417DFA81C2753C80015F95B /* Globals.swift in Sources */ = {isa = PBXBuildFile; fileRef = 6417DFA71C2753C80015F95B /* Globals.swift */; };
		642137D41C3E26D1009EBB3F /* MKPinAnnotationView.swift in Sources */ = {isa = PBXBuildFile; fileRef = 642137D31C3E26D1009EBB3F /* MKPinAnnotationView.swift */; };
		642137D61C3E4E7F009EBB3F /* StringExt.swift in Sources */ = {isa = PBXBuildFile; fileRef = 642137D51C3E4E7F009EBB3F /* StringExt.swift */; };
		642DA1051C1E12C300419867 /* School.swift in Sources */ = {isa = PBXBuildFile; fileRef = 642DA1041C1E12C300419867 /* School.swift */; };
		642DA1071C1E15C900419867 /* School+Networking.swift in Sources */ = {isa = PBXBuildFile; fileRef = 642DA1061C1E15C900419867 /* School+Networking.swift */; };
		642DA1091C1E168900419867 /* NSObject+Extensions.swift in Sources */ = {isa = PBXBuildFile; fileRef = 642DA1081C1E168900419867 /* NSObject+Extensions.swift */; };
		642DA10B1C1E2C3D00419867 /* SchoolAnnotations.swift in Sources */ = {isa = PBXBuildFile; fileRef = 642DA10A1C1E2C3D00419867 /* SchoolAnnotations.swift */; };
		646778FB1C3F4A470060ECD6 /* UIViewExt.swift in Sources */ = {isa = PBXBuildFile; fileRef = 646778FA1C3F4A470060ECD6 /* UIViewExt.swift */; };
		646F31BD1C41E3EF002B432C /* DetailTV.swift in Sources */ = {isa = PBXBuildFile; fileRef = 646F31BC1C41E3EF002B432C /* DetailTV.swift */; };
		646F31BF1C41E400002B432C /* DetailTVCell.swift in Sources */ = {isa = PBXBuildFile; fileRef = 646F31BE1C41E400002B432C /* DetailTVCell.swift */; };
		646F31C11C41EFB6002B432C /* UIViewControllerExt.swift in Sources */ = {isa = PBXBuildFile; fileRef = 646F31C01C41EFB6002B432C /* UIViewControllerExt.swift */; };
		646F31C31C41F79C002B432C /* Global.swift in Sources */ = {isa = PBXBuildFile; fileRef = 646F31C21C41F79C002B432C /* Global.swift */; };
		64B8F25D1C1515CB005BC4A9 /* AppDelegate.swift in Sources */ = {isa = PBXBuildFile; fileRef = 64B8F25C1C1515CB005BC4A9 /* AppDelegate.swift */; };
		64B8F25F1C1515CB005BC4A9 /* MapVC.swift in Sources */ = {isa = PBXBuildFile; fileRef = 64B8F25E1C1515CB005BC4A9 /* MapVC.swift */; };
		64B8F2621C1515CB005BC4A9 /* Main.storyboard in Resources */ = {isa = PBXBuildFile; fileRef = 64B8F2601C1515CB005BC4A9 /* Main.storyboard */; };
		64B8F2651C1515CB005BC4A9 /* School_For_Me.xcdatamodeld in Sources */ = {isa = PBXBuildFile; fileRef = 64B8F2631C1515CB005BC4A9 /* School_For_Me.xcdatamodeld */; };
		64B8F2671C1515CB005BC4A9 /* Assets.xcassets in Resources */ = {isa = PBXBuildFile; fileRef = 64B8F2661C1515CB005BC4A9 /* Assets.xcassets */; };
		64B8F26A1C1515CB005BC4A9 /* LaunchScreen.storyboard in Resources */ = {isa = PBXBuildFile; fileRef = 64B8F2681C1515CB005BC4A9 /* LaunchScreen.storyboard */; };
		64B8F2751C1515CB005BC4A9 /* School_For_MeTests.swift in Sources */ = {isa = PBXBuildFile; fileRef = 64B8F2741C1515CB005BC4A9 /* School_For_MeTests.swift */; };
		64B8F2801C1515CC005BC4A9 /* School_For_MeUITests.swift in Sources */ = {isa = PBXBuildFile; fileRef = 64B8F27F1C1515CC005BC4A9 /* School_For_MeUITests.swift */; };
		64C6B26A1C1615E000ADE887 /* FontAwesome.otf in Resources */ = {isa = PBXBuildFile; fileRef = 64C6B2691C1615E000ADE887 /* FontAwesome.otf */; };
		64C6B26E1C16274600ADE887 /* MapVCExt.swift in Sources */ = {isa = PBXBuildFile; fileRef = 64C6B26D1C16274600ADE887 /* MapVCExt.swift */; };
		6CEFC51284F351DFFF9C4189 /* Pods.framework in Frameworks */ = {isa = PBXBuildFile; fileRef = 85D0BCDB61AF1F90A39AAE6F /* Pods.framework */; };
/* End PBXBuildFile section */

/* Begin PBXContainerItemProxy section */
		64B8F2711C1515CB005BC4A9 /* PBXContainerItemProxy */ = {
			isa = PBXContainerItemProxy;
			containerPortal = 64B8F2511C1515C7005BC4A9 /* Project object */;
			proxyType = 1;
			remoteGlobalIDString = 64B8F2581C1515CB005BC4A9;
			remoteInfo = "School For Me";
		};
		64B8F27C1C1515CC005BC4A9 /* PBXContainerItemProxy */ = {
			isa = PBXContainerItemProxy;
			containerPortal = 64B8F2511C1515C7005BC4A9 /* Project object */;
			proxyType = 1;
			remoteGlobalIDString = 64B8F2581C1515CB005BC4A9;
			remoteInfo = "School For Me";
		};
/* End PBXContainerItemProxy section */

/* Begin PBXFileReference section */
		294352B27875654DF60FCF33 /* Pods.debug.xcconfig */ = {isa = PBXFileReference; includeInIndex = 1; lastKnownFileType = text.xcconfig; name = Pods.debug.xcconfig; path = "Pods/Target Support Files/Pods/Pods.debug.xcconfig"; sourceTree = "<group>"; };
		45D5012A30FD0A266FD3DC8E /* Pods.release.xcconfig */ = {isa = PBXFileReference; includeInIndex = 1; lastKnownFileType = text.xcconfig; name = Pods.release.xcconfig; path = "Pods/Target Support Files/Pods/Pods.release.xcconfig"; sourceTree = "<group>"; };
		6417DF9F1C1E5AB70015F95B /* Search.swift */ = {isa = PBXFileReference; fileEncoding = 4; lastKnownFileType = sourcecode.swift; path = Search.swift; sourceTree = "<group>"; };
		6417DFA11C1E837A0015F95B /* SearchCells.swift */ = {isa = PBXFileReference; fileEncoding = 4; lastKnownFileType = sourcecode.swift; path = SearchCells.swift; sourceTree = "<group>"; };
		6417DFA31C20CD4A0015F95B /* FilterVC.swift */ = {isa = PBXFileReference; fileEncoding = 4; lastKnownFileType = sourcecode.swift; path = FilterVC.swift; sourceTree = "<group>"; };
		6417DFA71C2753C80015F95B /* Globals.swift */ = {isa = PBXFileReference; fileEncoding = 4; lastKnownFileType = sourcecode.swift; path = Globals.swift; sourceTree = "<group>"; };
		642137D31C3E26D1009EBB3F /* MKPinAnnotationView.swift */ = {isa = PBXFileReference; fileEncoding = 4; lastKnownFileType = sourcecode.swift; path = MKPinAnnotationView.swift; sourceTree = "<group>"; };
		642137D51C3E4E7F009EBB3F /* StringExt.swift */ = {isa = PBXFileReference; fileEncoding = 4; lastKnownFileType = sourcecode.swift; path = StringExt.swift; sourceTree = "<group>"; };
		642DA1041C1E12C300419867 /* School.swift */ = {isa = PBXFileReference; fileEncoding = 4; lastKnownFileType = sourcecode.swift; path = School.swift; sourceTree = "<group>"; };
		642DA1061C1E15C900419867 /* School+Networking.swift */ = {isa = PBXFileReference; fileEncoding = 4; lastKnownFileType = sourcecode.swift; path = "School+Networking.swift"; sourceTree = "<group>"; };
		642DA1081C1E168900419867 /* NSObject+Extensions.swift */ = {isa = PBXFileReference; fileEncoding = 4; lastKnownFileType = sourcecode.swift; path = "NSObject+Extensions.swift"; sourceTree = "<group>"; };
		642DA10A1C1E2C3D00419867 /* SchoolAnnotations.swift */ = {isa = PBXFileReference; fileEncoding = 4; lastKnownFileType = sourcecode.swift; path = SchoolAnnotations.swift; sourceTree = "<group>"; };
		646778FA1C3F4A470060ECD6 /* UIViewExt.swift */ = {isa = PBXFileReference; fileEncoding = 4; lastKnownFileType = sourcecode.swift; path = UIViewExt.swift; sourceTree = "<group>"; };
		646F31BC1C41E3EF002B432C /* DetailTV.swift */ = {isa = PBXFileReference; fileEncoding = 4; lastKnownFileType = sourcecode.swift; path = DetailTV.swift; sourceTree = "<group>"; };
		646F31BE1C41E400002B432C /* DetailTVCell.swift */ = {isa = PBXFileReference; fileEncoding = 4; lastKnownFileType = sourcecode.swift; path = DetailTVCell.swift; sourceTree = "<group>"; };
		646F31C01C41EFB6002B432C /* UIViewControllerExt.swift */ = {isa = PBXFileReference; fileEncoding = 4; lastKnownFileType = sourcecode.swift; path = UIViewControllerExt.swift; sourceTree = "<group>"; };
		646F31C21C41F79C002B432C /* Global.swift */ = {isa = PBXFileReference; fileEncoding = 4; lastKnownFileType = sourcecode.swift; path = Global.swift; sourceTree = "<group>"; };
		64B8F2591C1515CB005BC4A9 /* School For Me.app */ = {isa = PBXFileReference; explicitFileType = wrapper.application; includeInIndex = 0; path = "School For Me.app"; sourceTree = BUILT_PRODUCTS_DIR; };
		64B8F25C1C1515CB005BC4A9 /* AppDelegate.swift */ = {isa = PBXFileReference; lastKnownFileType = sourcecode.swift; path = AppDelegate.swift; sourceTree = "<group>"; };
		64B8F25E1C1515CB005BC4A9 /* MapVC.swift */ = {isa = PBXFileReference; lastKnownFileType = sourcecode.swift; path = MapVC.swift; sourceTree = "<group>"; };
		64B8F2611C1515CB005BC4A9 /* Base */ = {isa = PBXFileReference; lastKnownFileType = file.storyboard; name = Base; path = Base.lproj/Main.storyboard; sourceTree = "<group>"; };
		64B8F2641C1515CB005BC4A9 /* School_For_Me.xcdatamodel */ = {isa = PBXFileReference; lastKnownFileType = wrapper.xcdatamodel; path = School_For_Me.xcdatamodel; sourceTree = "<group>"; };
		64B8F2661C1515CB005BC4A9 /* Assets.xcassets */ = {isa = PBXFileReference; lastKnownFileType = folder.assetcatalog; path = Assets.xcassets; sourceTree = "<group>"; };
		64B8F2691C1515CB005BC4A9 /* Base */ = {isa = PBXFileReference; lastKnownFileType = file.storyboard; name = Base; path = Base.lproj/LaunchScreen.storyboard; sourceTree = "<group>"; };
		64B8F26B1C1515CB005BC4A9 /* Info.plist */ = {isa = PBXFileReference; lastKnownFileType = text.plist.xml; path = Info.plist; sourceTree = "<group>"; };
		64B8F2701C1515CB005BC4A9 /* School For MeTests.xctest */ = {isa = PBXFileReference; explicitFileType = wrapper.cfbundle; includeInIndex = 0; path = "School For MeTests.xctest"; sourceTree = BUILT_PRODUCTS_DIR; };
		64B8F2741C1515CB005BC4A9 /* School_For_MeTests.swift */ = {isa = PBXFileReference; lastKnownFileType = sourcecode.swift; path = School_For_MeTests.swift; sourceTree = "<group>"; };
		64B8F2761C1515CB005BC4A9 /* Info.plist */ = {isa = PBXFileReference; lastKnownFileType = text.plist.xml; path = Info.plist; sourceTree = "<group>"; };
		64B8F27B1C1515CC005BC4A9 /* School For MeUITests.xctest */ = {isa = PBXFileReference; explicitFileType = wrapper.cfbundle; includeInIndex = 0; path = "School For MeUITests.xctest"; sourceTree = BUILT_PRODUCTS_DIR; };
		64B8F27F1C1515CC005BC4A9 /* School_For_MeUITests.swift */ = {isa = PBXFileReference; lastKnownFileType = sourcecode.swift; path = School_For_MeUITests.swift; sourceTree = "<group>"; };
		64B8F2811C1515CC005BC4A9 /* Info.plist */ = {isa = PBXFileReference; lastKnownFileType = text.plist.xml; path = Info.plist; sourceTree = "<group>"; };
		64C6B2691C1615E000ADE887 /* FontAwesome.otf */ = {isa = PBXFileReference; lastKnownFileType = file; path = FontAwesome.otf; sourceTree = "<group>"; };
		64C6B26D1C16274600ADE887 /* MapVCExt.swift */ = {isa = PBXFileReference; fileEncoding = 4; lastKnownFileType = sourcecode.swift; path = MapVCExt.swift; sourceTree = "<group>"; };
		85D0BCDB61AF1F90A39AAE6F /* Pods.framework */ = {isa = PBXFileReference; explicitFileType = wrapper.framework; includeInIndex = 0; path = Pods.framework; sourceTree = BUILT_PRODUCTS_DIR; };
/* End PBXFileReference section */

/* Begin PBXFrameworksBuildPhase section */
		64B8F2561C1515CB005BC4A9 /* Frameworks */ = {
			isa = PBXFrameworksBuildPhase;
			buildActionMask = 2147483647;
			files = (
				6CEFC51284F351DFFF9C4189 /* Pods.framework in Frameworks */,
			);
			runOnlyForDeploymentPostprocessing = 0;
		};
		64B8F26D1C1515CB005BC4A9 /* Frameworks */ = {
			isa = PBXFrameworksBuildPhase;
			buildActionMask = 2147483647;
			files = (
			);
			runOnlyForDeploymentPostprocessing = 0;
		};
		64B8F2781C1515CC005BC4A9 /* Frameworks */ = {
			isa = PBXFrameworksBuildPhase;
			buildActionMask = 2147483647;
			files = (
			);
			runOnlyForDeploymentPostprocessing = 0;
		};
/* End PBXFrameworksBuildPhase section */

/* Begin PBXGroup section */
		6417DFA51C20D0540015F95B /* Storyboards */ = {
			isa = PBXGroup;
			children = (
				64B8F2681C1515CB005BC4A9 /* LaunchScreen.storyboard */,
				64B8F2601C1515CB005BC4A9 /* Main.storyboard */,
			);
			name = Storyboards;
			sourceTree = "<group>";
		};
		6417DFA61C2753B80015F95B /* Helpers */ = {
			isa = PBXGroup;
			children = (
				6417DFA71C2753C80015F95B /* Globals.swift */,
			);
			name = Helpers;
			sourceTree = "<group>";
		};
		642DA1031C1E12A100419867 /* Models */ = {
			isa = PBXGroup;
			children = (
				642DA1041C1E12C300419867 /* School.swift */,
				642DA1061C1E15C900419867 /* School+Networking.swift */,
				642DA10A1C1E2C3D00419867 /* SchoolAnnotations.swift */,
			);
			name = Models;
			sourceTree = "<group>";
		};
		64B8F2501C1515C7005BC4A9 = {
			isa = PBXGroup;
			children = (
				64B8F25B1C1515CB005BC4A9 /* School For Me */,
				64B8F2731C1515CB005BC4A9 /* School For MeTests */,
				64B8F27E1C1515CC005BC4A9 /* School For MeUITests */,
				64B8F25A1C1515CB005BC4A9 /* Products */,
				E9AA49C2CA636B51A25D4438 /* Pods */,
				E3A65F42F961358326FF6B52 /* Frameworks */,
			);
			sourceTree = "<group>";
		};
		64B8F25A1C1515CB005BC4A9 /* Products */ = {
			isa = PBXGroup;
			children = (
				64B8F2591C1515CB005BC4A9 /* School For Me.app */,
				64B8F2701C1515CB005BC4A9 /* School For MeTests.xctest */,
				64B8F27B1C1515CC005BC4A9 /* School For MeUITests.xctest */,
			);
			name = Products;
			sourceTree = "<group>";
		};
		64B8F25B1C1515CB005BC4A9 /* School For Me */ = {
			isa = PBXGroup;
			children = (
				6417DFA61C2753B80015F95B /* Helpers */,
				6417DFA51C20D0540015F95B /* Storyboards */,
				642DA1031C1E12A100419867 /* Models */,
				64C6B26C1C16271000ADE887 /* Extensions */,
				64C6B26B1C16270900ADE887 /* Controllers */,
				64C6B2671C16143100ADE887 /* Fonts */,
				64B8F25C1C1515CB005BC4A9 /* AppDelegate.swift */,
				64B8F2661C1515CB005BC4A9 /* Assets.xcassets */,
				64B8F26B1C1515CB005BC4A9 /* Info.plist */,
				64B8F2631C1515CB005BC4A9 /* School_For_Me.xcdatamodeld */,
			);
			path = "School For Me";
			sourceTree = "<group>";
		};
		64B8F2731C1515CB005BC4A9 /* School For MeTests */ = {
			isa = PBXGroup;
			children = (
				64B8F2741C1515CB005BC4A9 /* School_For_MeTests.swift */,
				64B8F2761C1515CB005BC4A9 /* Info.plist */,
			);
			path = "School For MeTests";
			sourceTree = "<group>";
		};
		64B8F27E1C1515CC005BC4A9 /* School For MeUITests */ = {
			isa = PBXGroup;
			children = (
				64B8F27F1C1515CC005BC4A9 /* School_For_MeUITests.swift */,
				64B8F2811C1515CC005BC4A9 /* Info.plist */,
			);
			path = "School For MeUITests";
			sourceTree = "<group>";
		};
		64C6B2671C16143100ADE887 /* Fonts */ = {
			isa = PBXGroup;
			children = (
				64C6B2691C1615E000ADE887 /* FontAwesome.otf */,
			);
			name = Fonts;
			sourceTree = "<group>";
		};
		64C6B26B1C16270900ADE887 /* Controllers */ = {
			isa = PBXGroup;
			children = (
				64B8F25E1C1515CB005BC4A9 /* MapVC.swift */,
				6417DF9F1C1E5AB70015F95B /* Search.swift */,
				6417DFA11C1E837A0015F95B /* SearchCells.swift */,
				6417DFA31C20CD4A0015F95B /* FilterVC.swift */,
				646F31BC1C41E3EF002B432C /* DetailTV.swift */,
				646F31BE1C41E400002B432C /* DetailTVCell.swift */,
			);
			name = Controllers;
			sourceTree = "<group>";
		};
		64C6B26C1C16271000ADE887 /* Extensions */ = {
			isa = PBXGroup;
			children = (
				64C6B26D1C16274600ADE887 /* MapVCExt.swift */,
				642DA1081C1E168900419867 /* NSObject+Extensions.swift */,
				642137D31C3E26D1009EBB3F /* MKPinAnnotationView.swift */,
				642137D51C3E4E7F009EBB3F /* StringExt.swift */,
				646778FA1C3F4A470060ECD6 /* UIViewExt.swift */,
				646F31C01C41EFB6002B432C /* UIViewControllerExt.swift */,
				646F31C21C41F79C002B432C /* Global.swift */,
			);
			name = Extensions;
			sourceTree = "<group>";
		};
		E3A65F42F961358326FF6B52 /* Frameworks */ = {
			isa = PBXGroup;
			children = (
				85D0BCDB61AF1F90A39AAE6F /* Pods.framework */,
			);
			name = Frameworks;
			sourceTree = "<group>";
		};
		E9AA49C2CA636B51A25D4438 /* Pods */ = {
			isa = PBXGroup;
			children = (
				294352B27875654DF60FCF33 /* Pods.debug.xcconfig */,
				45D5012A30FD0A266FD3DC8E /* Pods.release.xcconfig */,
			);
			name = Pods;
			sourceTree = "<group>";
		};
/* End PBXGroup section */

/* Begin PBXNativeTarget section */
		64B8F2581C1515CB005BC4A9 /* School For Me */ = {
			isa = PBXNativeTarget;
			buildConfigurationList = 64B8F2841C1515CC005BC4A9 /* Build configuration list for PBXNativeTarget "School For Me" */;
			buildPhases = (
				4F7DCDBC865A8B91932082CD /* Check Pods Manifest.lock */,
				64B8F2551C1515CB005BC4A9 /* Sources */,
				64B8F2561C1515CB005BC4A9 /* Frameworks */,
				64B8F2571C1515CB005BC4A9 /* Resources */,
				7509205759BB1217676D4833 /* Embed Pods Frameworks */,
				6C8EEB27CF7442ED0CD4CA86 /* Copy Pods Resources */,
			);
			buildRules = (
			);
			dependencies = (
			);
			name = "School For Me";
			productName = "School For Me";
			productReference = 64B8F2591C1515CB005BC4A9 /* School For Me.app */;
			productType = "com.apple.product-type.application";
		};
		64B8F26F1C1515CB005BC4A9 /* School For MeTests */ = {
			isa = PBXNativeTarget;
			buildConfigurationList = 64B8F2871C1515CC005BC4A9 /* Build configuration list for PBXNativeTarget "School For MeTests" */;
			buildPhases = (
				64B8F26C1C1515CB005BC4A9 /* Sources */,
				64B8F26D1C1515CB005BC4A9 /* Frameworks */,
				64B8F26E1C1515CB005BC4A9 /* Resources */,
			);
			buildRules = (
			);
			dependencies = (
				64B8F2721C1515CB005BC4A9 /* PBXTargetDependency */,
			);
			name = "School For MeTests";
			productName = "School For MeTests";
			productReference = 64B8F2701C1515CB005BC4A9 /* School For MeTests.xctest */;
			productType = "com.apple.product-type.bundle.unit-test";
		};
		64B8F27A1C1515CC005BC4A9 /* School For MeUITests */ = {
			isa = PBXNativeTarget;
			buildConfigurationList = 64B8F28A1C1515CC005BC4A9 /* Build configuration list for PBXNativeTarget "School For MeUITests" */;
			buildPhases = (
				64B8F2771C1515CC005BC4A9 /* Sources */,
				64B8F2781C1515CC005BC4A9 /* Frameworks */,
				64B8F2791C1515CC005BC4A9 /* Resources */,
			);
			buildRules = (
			);
			dependencies = (
				64B8F27D1C1515CC005BC4A9 /* PBXTargetDependency */,
			);
			name = "School For MeUITests";
			productName = "School For MeUITests";
			productReference = 64B8F27B1C1515CC005BC4A9 /* School For MeUITests.xctest */;
			productType = "com.apple.product-type.bundle.ui-testing";
		};
/* End PBXNativeTarget section */

/* Begin PBXProject section */
		64B8F2511C1515C7005BC4A9 /* Project object */ = {
			isa = PBXProject;
			attributes = {
				LastSwiftUpdateCheck = 0710;
				LastUpgradeCheck = 0710;
				ORGANIZATIONNAME = "Jamone Kelly";
				TargetAttributes = {
					64B8F2581C1515CB005BC4A9 = {
						CreatedOnToolsVersion = 7.1.1;
						DevelopmentTeam = W29D5BE398;
					};
					64B8F26F1C1515CB005BC4A9 = {
						CreatedOnToolsVersion = 7.1.1;
						TestTargetID = 64B8F2581C1515CB005BC4A9;
					};
					64B8F27A1C1515CC005BC4A9 = {
						CreatedOnToolsVersion = 7.1.1;
						TestTargetID = 64B8F2581C1515CB005BC4A9;
					};
				};
			};
			buildConfigurationList = 64B8F2541C1515C7005BC4A9 /* Build configuration list for PBXProject "School For Me" */;
			compatibilityVersion = "Xcode 3.2";
			developmentRegion = English;
			hasScannedForEncodings = 0;
			knownRegions = (
				en,
				Base,
			);
			mainGroup = 64B8F2501C1515C7005BC4A9;
			productRefGroup = 64B8F25A1C1515CB005BC4A9 /* Products */;
			projectDirPath = "";
			projectRoot = "";
			targets = (
				64B8F2581C1515CB005BC4A9 /* School For Me */,
				64B8F26F1C1515CB005BC4A9 /* School For MeTests */,
				64B8F27A1C1515CC005BC4A9 /* School For MeUITests */,
			);
		};
/* End PBXProject section */

/* Begin PBXResourcesBuildPhase section */
		64B8F2571C1515CB005BC4A9 /* Resources */ = {
			isa = PBXResourcesBuildPhase;
			buildActionMask = 2147483647;
			files = (
				64B8F26A1C1515CB005BC4A9 /* LaunchScreen.storyboard in Resources */,
				64B8F2671C1515CB005BC4A9 /* Assets.xcassets in Resources */,
				64C6B26A1C1615E000ADE887 /* FontAwesome.otf in Resources */,
				64B8F2621C1515CB005BC4A9 /* Main.storyboard in Resources */,
			);
			runOnlyForDeploymentPostprocessing = 0;
		};
		64B8F26E1C1515CB005BC4A9 /* Resources */ = {
			isa = PBXResourcesBuildPhase;
			buildActionMask = 2147483647;
			files = (
			);
			runOnlyForDeploymentPostprocessing = 0;
		};
		64B8F2791C1515CC005BC4A9 /* Resources */ = {
			isa = PBXResourcesBuildPhase;
			buildActionMask = 2147483647;
			files = (
			);
			runOnlyForDeploymentPostprocessing = 0;
		};
/* End PBXResourcesBuildPhase section */

/* Begin PBXShellScriptBuildPhase section */
		4F7DCDBC865A8B91932082CD /* Check Pods Manifest.lock */ = {
			isa = PBXShellScriptBuildPhase;
			buildActionMask = 2147483647;
			files = (
			);
			inputPaths = (
			);
			name = "Check Pods Manifest.lock";
			outputPaths = (
			);
			runOnlyForDeploymentPostprocessing = 0;
			shellPath = /bin/sh;
			shellScript = "diff \"${PODS_ROOT}/../Podfile.lock\" \"${PODS_ROOT}/Manifest.lock\" > /dev/null\nif [[ $? != 0 ]] ; then\n    cat << EOM\nerror: The sandbox is not in sync with the Podfile.lock. Run 'pod install' or update your CocoaPods installation.\nEOM\n    exit 1\nfi\n";
			showEnvVarsInLog = 0;
		};
		6C8EEB27CF7442ED0CD4CA86 /* Copy Pods Resources */ = {
			isa = PBXShellScriptBuildPhase;
			buildActionMask = 2147483647;
			files = (
			);
			inputPaths = (
			);
			name = "Copy Pods Resources";
			outputPaths = (
			);
			runOnlyForDeploymentPostprocessing = 0;
			shellPath = /bin/sh;
			shellScript = "\"${SRCROOT}/Pods/Target Support Files/Pods/Pods-resources.sh\"\n";
			showEnvVarsInLog = 0;
		};
		7509205759BB1217676D4833 /* Embed Pods Frameworks */ = {
			isa = PBXShellScriptBuildPhase;
			buildActionMask = 2147483647;
			files = (
			);
			inputPaths = (
			);
			name = "Embed Pods Frameworks";
			outputPaths = (
			);
			runOnlyForDeploymentPostprocessing = 0;
			shellPath = /bin/sh;
			shellScript = "\"${SRCROOT}/Pods/Target Support Files/Pods/Pods-frameworks.sh\"\n";
			showEnvVarsInLog = 0;
		};
/* End PBXShellScriptBuildPhase section */

/* Begin PBXSourcesBuildPhase section */
		64B8F2551C1515CB005BC4A9 /* Sources */ = {
			isa = PBXSourcesBuildPhase;
			buildActionMask = 2147483647;
			files = (
				6417DFA01C1E5AB70015F95B /* Search.swift in Sources */,
				642DA10B1C1E2C3D00419867 /* SchoolAnnotations.swift in Sources */,
				646F31C11C41EFB6002B432C /* UIViewControllerExt.swift in Sources */,
				64B8F2651C1515CB005BC4A9 /* School_For_Me.xcdatamodeld in Sources */,
				646F31C31C41F79C002B432C /* Global.swift in Sources */,
				6417DFA21C1E837A0015F95B /* SearchCells.swift in Sources */,
				64C6B26E1C16274600ADE887 /* MapVCExt.swift in Sources */,
				642DA1091C1E168900419867 /* NSObject+Extensions.swift in Sources */,
				646F31BD1C41E3EF002B432C /* DetailTV.swift in Sources */,
				64B8F25F1C1515CB005BC4A9 /* MapVC.swift in Sources */,
				642137D41C3E26D1009EBB3F /* MKPinAnnotationView.swift in Sources */,
				642DA1071C1E15C900419867 /* School+Networking.swift in Sources */,
				6417DFA81C2753C80015F95B /* Globals.swift in Sources */,
				642137D61C3E4E7F009EBB3F /* StringExt.swift in Sources */,
				642DA1051C1E12C300419867 /* School.swift in Sources */,
				646F31BF1C41E400002B432C /* DetailTVCell.swift in Sources */,
				646778FB1C3F4A470060ECD6 /* UIViewExt.swift in Sources */,
				6417DFA41C20CD4A0015F95B /* FilterVC.swift in Sources */,
				64B8F25D1C1515CB005BC4A9 /* AppDelegate.swift in Sources */,
			);
			runOnlyForDeploymentPostprocessing = 0;
		};
		64B8F26C1C1515CB005BC4A9 /* Sources */ = {
			isa = PBXSourcesBuildPhase;
			buildActionMask = 2147483647;
			files = (
				64B8F2751C1515CB005BC4A9 /* School_For_MeTests.swift in Sources */,
			);
			runOnlyForDeploymentPostprocessing = 0;
		};
		64B8F2771C1515CC005BC4A9 /* Sources */ = {
			isa = PBXSourcesBuildPhase;
			buildActionMask = 2147483647;
			files = (
				64B8F2801C1515CC005BC4A9 /* School_For_MeUITests.swift in Sources */,
			);
			runOnlyForDeploymentPostprocessing = 0;
		};
/* End PBXSourcesBuildPhase section */

/* Begin PBXTargetDependency section */
		64B8F2721C1515CB005BC4A9 /* PBXTargetDependency */ = {
			isa = PBXTargetDependency;
			target = 64B8F2581C1515CB005BC4A9 /* School For Me */;
			targetProxy = 64B8F2711C1515CB005BC4A9 /* PBXContainerItemProxy */;
		};
		64B8F27D1C1515CC005BC4A9 /* PBXTargetDependency */ = {
			isa = PBXTargetDependency;
			target = 64B8F2581C1515CB005BC4A9 /* School For Me */;
			targetProxy = 64B8F27C1C1515CC005BC4A9 /* PBXContainerItemProxy */;
		};
/* End PBXTargetDependency section */

/* Begin PBXVariantGroup section */
		64B8F2601C1515CB005BC4A9 /* Main.storyboard */ = {
			isa = PBXVariantGroup;
			children = (
				64B8F2611C1515CB005BC4A9 /* Base */,
			);
			name = Main.storyboard;
			sourceTree = "<group>";
		};
		64B8F2681C1515CB005BC4A9 /* LaunchScreen.storyboard */ = {
			isa = PBXVariantGroup;
			children = (
				64B8F2691C1515CB005BC4A9 /* Base */,
			);
			name = LaunchScreen.storyboard;
			sourceTree = "<group>";
		};
/* End PBXVariantGroup section */

/* Begin XCBuildConfiguration section */
		64B8F2821C1515CC005BC4A9 /* Debug */ = {
			isa = XCBuildConfiguration;
			buildSettings = {
				ALWAYS_SEARCH_USER_PATHS = NO;
				CLANG_CXX_LANGUAGE_STANDARD = "gnu++0x";
				CLANG_CXX_LIBRARY = "libc++";
				CLANG_ENABLE_MODULES = YES;
				CLANG_ENABLE_OBJC_ARC = YES;
				CLANG_WARN_BOOL_CONVERSION = YES;
				CLANG_WARN_CONSTANT_CONVERSION = YES;
				CLANG_WARN_DIRECT_OBJC_ISA_USAGE = YES_ERROR;
				CLANG_WARN_EMPTY_BODY = YES;
				CLANG_WARN_ENUM_CONVERSION = YES;
				CLANG_WARN_INT_CONVERSION = YES;
				CLANG_WARN_OBJC_ROOT_CLASS = YES_ERROR;
				CLANG_WARN_UNREACHABLE_CODE = YES;
				CLANG_WARN__DUPLICATE_METHOD_MATCH = YES;
				"CODE_SIGN_IDENTITY[sdk=iphoneos*]" = "iPhone Developer";
				COPY_PHASE_STRIP = NO;
				DEBUG_INFORMATION_FORMAT = dwarf;
				ENABLE_STRICT_OBJC_MSGSEND = YES;
				ENABLE_TESTABILITY = YES;
				GCC_C_LANGUAGE_STANDARD = gnu99;
				GCC_DYNAMIC_NO_PIC = NO;
				GCC_NO_COMMON_BLOCKS = YES;
				GCC_OPTIMIZATION_LEVEL = 0;
				GCC_PREPROCESSOR_DEFINITIONS = (
					"DEBUG=1",
					"$(inherited)",
				);
				GCC_WARN_64_TO_32_BIT_CONVERSION = YES;
				GCC_WARN_ABOUT_RETURN_TYPE = YES_ERROR;
				GCC_WARN_UNDECLARED_SELECTOR = YES;
				GCC_WARN_UNINITIALIZED_AUTOS = YES_AGGRESSIVE;
				GCC_WARN_UNUSED_FUNCTION = YES;
				GCC_WARN_UNUSED_VARIABLE = YES;
				IPHONEOS_DEPLOYMENT_TARGET = 9.0;
				MTL_ENABLE_DEBUG_INFO = YES;
				ONLY_ACTIVE_ARCH = YES;
				SDKROOT = iphoneos;
				SWIFT_OPTIMIZATION_LEVEL = "-Onone";
			};
			name = Debug;
		};
		64B8F2831C1515CC005BC4A9 /* Release */ = {
			isa = XCBuildConfiguration;
			buildSettings = {
				ALWAYS_SEARCH_USER_PATHS = NO;
				CLANG_CXX_LANGUAGE_STANDARD = "gnu++0x";
				CLANG_CXX_LIBRARY = "libc++";
				CLANG_ENABLE_MODULES = YES;
				CLANG_ENABLE_OBJC_ARC = YES;
				CLANG_WARN_BOOL_CONVERSION = YES;
				CLANG_WARN_CONSTANT_CONVERSION = YES;
				CLANG_WARN_DIRECT_OBJC_ISA_USAGE = YES_ERROR;
				CLANG_WARN_EMPTY_BODY = YES;
				CLANG_WARN_ENUM_CONVERSION = YES;
				CLANG_WARN_INT_CONVERSION = YES;
				CLANG_WARN_OBJC_ROOT_CLASS = YES_ERROR;
				CLANG_WARN_UNREACHABLE_CODE = YES;
				CLANG_WARN__DUPLICATE_METHOD_MATCH = YES;
				"CODE_SIGN_IDENTITY[sdk=iphoneos*]" = "iPhone Developer";
				COPY_PHASE_STRIP = NO;
				DEBUG_INFORMATION_FORMAT = "dwarf-with-dsym";
				ENABLE_NS_ASSERTIONS = NO;
				ENABLE_STRICT_OBJC_MSGSEND = YES;
				GCC_C_LANGUAGE_STANDARD = gnu99;
				GCC_NO_COMMON_BLOCKS = YES;
				GCC_WARN_64_TO_32_BIT_CONVERSION = YES;
				GCC_WARN_ABOUT_RETURN_TYPE = YES_ERROR;
				GCC_WARN_UNDECLARED_SELECTOR = YES;
				GCC_WARN_UNINITIALIZED_AUTOS = YES_AGGRESSIVE;
				GCC_WARN_UNUSED_FUNCTION = YES;
				GCC_WARN_UNUSED_VARIABLE = YES;
				IPHONEOS_DEPLOYMENT_TARGET = 9.0;
				MTL_ENABLE_DEBUG_INFO = NO;
				SDKROOT = iphoneos;
				VALIDATE_PRODUCT = YES;
			};
			name = Release;
		};
		64B8F2851C1515CC005BC4A9 /* Debug */ = {
			isa = XCBuildConfiguration;
			baseConfigurationReference = 294352B27875654DF60FCF33 /* Pods.debug.xcconfig */;
			buildSettings = {
				ASSETCATALOG_COMPILER_APPICON_NAME = AppIcon;
				ASSETCATALOG_COMPILER_LAUNCHIMAGE_NAME = LaunchImage;
				CODE_SIGN_IDENTITY = "iPhone Developer";
				INFOPLIST_FILE = "School For Me/Info.plist";
				LD_RUNPATH_SEARCH_PATHS = "$(inherited) @executable_path/Frameworks";
				PRODUCT_BUNDLE_IDENTIFIER = "com.jamonek.School-For-Me";
				PRODUCT_NAME = "$(TARGET_NAME)";
				SWIFT_OPTIMIZATION_LEVEL = "-Owholemodule";
				TARGETED_DEVICE_FAMILY = "1,2";
			};
			name = Debug;
		};
		64B8F2861C1515CC005BC4A9 /* Release */ = {
			isa = XCBuildConfiguration;
			baseConfigurationReference = 45D5012A30FD0A266FD3DC8E /* Pods.release.xcconfig */;
			buildSettings = {
				ASSETCATALOG_COMPILER_APPICON_NAME = AppIcon;
				ASSETCATALOG_COMPILER_LAUNCHIMAGE_NAME = LaunchImage;
				CODE_SIGN_IDENTITY = "iPhone Developer";
				INFOPLIST_FILE = "School For Me/Info.plist";
				LD_RUNPATH_SEARCH_PATHS = "$(inherited) @executable_path/Frameworks";
				PRODUCT_BUNDLE_IDENTIFIER = "com.jamonek.School-For-Me";
				PRODUCT_NAME = "$(TARGET_NAME)";
				SWIFT_OPTIMIZATION_LEVEL = "-Owholemodule";
				TARGETED_DEVICE_FAMILY = "1,2";
			};
			name = Release;
		};
		64B8F2881C1515CC005BC4A9 /* Debug */ = {
			isa = XCBuildConfiguration;
			buildSettings = {
				BUNDLE_LOADER = "$(TEST_HOST)";
				INFOPLIST_FILE = "School For MeTests/Info.plist";
				LD_RUNPATH_SEARCH_PATHS = "$(inherited) @executable_path/Frameworks @loader_path/Frameworks";
				PRODUCT_BUNDLE_IDENTIFIER = "com.jamonek.School-For-MeTests";
				PRODUCT_NAME = "$(TARGET_NAME)";
				TEST_HOST = "$(BUILT_PRODUCTS_DIR)/School For Me.app/School For Me";
			};
			name = Debug;
		};
		64B8F2891C1515CC005BC4A9 /* Release */ = {
			isa = XCBuildConfiguration;
			buildSettings = {
				BUNDLE_LOADER = "$(TEST_HOST)";
				INFOPLIST_FILE = "School For MeTests/Info.plist";
				LD_RUNPATH_SEARCH_PATHS = "$(inherited) @executable_path/Frameworks @loader_path/Frameworks";
				PRODUCT_BUNDLE_IDENTIFIER = "com.jamonek.School-For-MeTests";
				PRODUCT_NAME = "$(TARGET_NAME)";
				TEST_HOST = "$(BUILT_PRODUCTS_DIR)/School For Me.app/School For Me";
			};
			name = Release;
		};
		64B8F28B1C1515CC005BC4A9 /* Debug */ = {
			isa = XCBuildConfiguration;
			buildSettings = {
				INFOPLIST_FILE = "School For MeUITests/Info.plist";
				LD_RUNPATH_SEARCH_PATHS = "$(inherited) @executable_path/Frameworks @loader_path/Frameworks";
				PRODUCT_BUNDLE_IDENTIFIER = "com.jamonek.School-For-MeUITests";
				PRODUCT_NAME = "$(TARGET_NAME)";
				TEST_TARGET_NAME = "School For Me";
				USES_XCTRUNNER = YES;
			};
			name = Debug;
		};
		64B8F28C1C1515CC005BC4A9 /* Release */ = {
			isa = XCBuildConfiguration;
			buildSettings = {
				INFOPLIST_FILE = "School For MeUITests/Info.plist";
				LD_RUNPATH_SEARCH_PATHS = "$(inherited) @executable_path/Frameworks @loader_path/Frameworks";
				PRODUCT_BUNDLE_IDENTIFIER = "com.jamonek.School-For-MeUITests";
				PRODUCT_NAME = "$(TARGET_NAME)";
				TEST_TARGET_NAME = "School For Me";
				USES_XCTRUNNER = YES;
			};
			name = Release;
		};
/* End XCBuildConfiguration section */

/* Begin XCConfigurationList section */
		64B8F2541C1515C7005BC4A9 /* Build configuration list for PBXProject "School For Me" */ = {
			isa = XCConfigurationList;
			buildConfigurations = (
				64B8F2821C1515CC005BC4A9 /* Debug */,
				64B8F2831C1515CC005BC4A9 /* Release */,
			);
			defaultConfigurationIsVisible = 0;
			defaultConfigurationName = Release;
		};
		64B8F2841C1515CC005BC4A9 /* Build configuration list for PBXNativeTarget "School For Me" */ = {
			isa = XCConfigurationList;
			buildConfigurations = (
				64B8F2851C1515CC005BC4A9 /* Debug */,
				64B8F2861C1515CC005BC4A9 /* Release */,
			);
			defaultConfigurationIsVisible = 0;
			defaultConfigurationName = Release;
		};
		64B8F2871C1515CC005BC4A9 /* Build configuration list for PBXNativeTarget "School For MeTests" */ = {
			isa = XCConfigurationList;
			buildConfigurations = (
				64B8F2881C1515CC005BC4A9 /* Debug */,
				64B8F2891C1515CC005BC4A9 /* Release */,
			);
			defaultConfigurationIsVisible = 0;
			defaultConfigurationName = Release;
		};
		64B8F28A1C1515CC005BC4A9 /* Build configuration list for PBXNativeTarget "School For MeUITests" */ = {
			isa = XCConfigurationList;
			buildConfigurations = (
				64B8F28B1C1515CC005BC4A9 /* Debug */,
				64B8F28C1C1515CC005BC4A9 /* Release */,
			);
			defaultConfigurationIsVisible = 0;
			defaultConfigurationName = Release;
		};
/* End XCConfigurationList section */

/* Begin XCVersionGroup section */
		64B8F2631C1515CB005BC4A9 /* School_For_Me.xcdatamodeld */ = {
			isa = XCVersionGroup;
			children = (
				64B8F2641C1515CB005BC4A9 /* School_For_Me.xcdatamodel */,
			);
			currentVersion = 64B8F2641C1515CB005BC4A9 /* School_For_Me.xcdatamodel */;
			path = School_For_Me.xcdatamodeld;
			sourceTree = "<group>";
			versionGroupType = wrapper.xcdatamodel;
		};
/* End XCVersionGroup section */
	};
	rootObject = 64B8F2511C1515C7005BC4A9 /* Project object */;
}
